// !$*UTF8*$!
{
	archiveVersion = 1;
	classes = {
	};
	objectVersion = 52;
	objects = {

/* Begin PBXBuildFile section */
		0403008E2529BB6A0055ED4B /* RealmSwift in Frameworks */ = {isa = PBXBuildFile; productRef = 0403008D2529BB6A0055ED4B /* RealmSwift */; };
		040300912529C07D0055ED4B /* Event.swift in Sources */ = {isa = PBXBuildFile; fileRef = 040300902529C07D0055ED4B /* Event.swift */; };
		040300942529D3A00055ED4B /* EventTableViewCell.swift in Sources */ = {isa = PBXBuildFile; fileRef = 040300932529D3A00055ED4B /* EventTableViewCell.swift */; };
		04359A6D2527432500D8DC0B /* AppDelegate.swift in Sources */ = {isa = PBXBuildFile; fileRef = 04359A6C2527432500D8DC0B /* AppDelegate.swift */; };
		04359A6F2527432500D8DC0B /* SceneDelegate.swift in Sources */ = {isa = PBXBuildFile; fileRef = 04359A6E2527432500D8DC0B /* SceneDelegate.swift */; };
		04359A742527432500D8DC0B /* Main.storyboard in Resources */ = {isa = PBXBuildFile; fileRef = 04359A722527432500D8DC0B /* Main.storyboard */; };
		04359A762527432800D8DC0B /* Assets.xcassets in Resources */ = {isa = PBXBuildFile; fileRef = 04359A752527432800D8DC0B /* Assets.xcassets */; };
		04359A792527432800D8DC0B /* LaunchScreen.storyboard in Resources */ = {isa = PBXBuildFile; fileRef = 04359A772527432800D8DC0B /* LaunchScreen.storyboard */; };
		04359A862527546C00D8DC0B /* NewEventViewController.swift in Sources */ = {isa = PBXBuildFile; fileRef = 04359A852527546C00D8DC0B /* NewEventViewController.swift */; };
		04359A892527547A00D8DC0B /* SettingsViewController.swift in Sources */ = {isa = PBXBuildFile; fileRef = 04359A882527547A00D8DC0B /* SettingsViewController.swift */; };
		04359A8C252754C600D8DC0B /* MainViewController.swift in Sources */ = {isa = PBXBuildFile; fileRef = 04359A8B252754C600D8DC0B /* MainViewController.swift */; };
		045126AB252AEBE6007548F0 /* AppStoreReviewManager.swift in Sources */ = {isa = PBXBuildFile; fileRef = 045126AA252AEBE6007548F0 /* AppStoreReviewManager.swift */; };
		04EAE1E0252879720074F0E3 /* IQKeyboardManagerSwift in Frameworks */ = {isa = PBXBuildFile; productRef = 04EAE1DF252879720074F0E3 /* IQKeyboardManagerSwift */; };
		04EAE1E425287E5D0074F0E3 /* YPImagePicker in Frameworks */ = {isa = PBXBuildFile; productRef = 04EAE1E325287E5D0074F0E3 /* YPImagePicker */; };
		04EBD8EF252EE17B00287A28 /* ss3.png in Resources */ = {isa = PBXBuildFile; fileRef = 04EBD8EB252EE17100287A28 /* ss3.png */; };
		04EBD8F0252EE17B00287A28 /* ss2.png in Resources */ = {isa = PBXBuildFile; fileRef = 04EBD8EC252EE17400287A28 /* ss2.png */; };
		04EBD8F1252EE17B00287A28 /* ss4.png in Resources */ = {isa = PBXBuildFile; fileRef = 04EBD8ED252EE17900287A28 /* ss4.png */; };
		04EBD8F2252EE17B00287A28 /* ss1.png in Resources */ = {isa = PBXBuildFile; fileRef = 04EBD8EE252EE17B00287A28 /* ss1.png */; };
/* End PBXBuildFile section */

/* Begin PBXCopyFilesBuildPhase section */
		040300AF2529F24F0055ED4B /* Embed App Extensions */ = {
			isa = PBXCopyFilesBuildPhase;
			buildActionMask = 2147483647;
			dstPath = "";
			dstSubfolderSpec = 13;
			files = (
			);
			name = "Embed App Extensions";
			runOnlyForDeploymentPostprocessing = 0;
		};
/* End PBXCopyFilesBuildPhase section */

/* Begin PBXFileReference section */
		040300902529C07D0055ED4B /* Event.swift */ = {isa = PBXFileReference; lastKnownFileType = sourcecode.swift; path = Event.swift; sourceTree = "<group>"; };
		040300932529D3A00055ED4B /* EventTableViewCell.swift */ = {isa = PBXFileReference; lastKnownFileType = sourcecode.swift; path = EventTableViewCell.swift; sourceTree = "<group>"; };
		04359A692527432400D8DC0B /* Days Until.app */ = {isa = PBXFileReference; explicitFileType = wrapper.application; includeInIndex = 0; path = "Days Until.app"; sourceTree = BUILT_PRODUCTS_DIR; };
		04359A6C2527432500D8DC0B /* AppDelegate.swift */ = {isa = PBXFileReference; lastKnownFileType = sourcecode.swift; path = AppDelegate.swift; sourceTree = "<group>"; };
		04359A6E2527432500D8DC0B /* SceneDelegate.swift */ = {isa = PBXFileReference; lastKnownFileType = sourcecode.swift; path = SceneDelegate.swift; sourceTree = "<group>"; };
		04359A732527432500D8DC0B /* Base */ = {isa = PBXFileReference; lastKnownFileType = file.storyboard; name = Base; path = Base.lproj/Main.storyboard; sourceTree = "<group>"; };
		04359A752527432800D8DC0B /* Assets.xcassets */ = {isa = PBXFileReference; lastKnownFileType = folder.assetcatalog; path = Assets.xcassets; sourceTree = "<group>"; };
		04359A782527432800D8DC0B /* Base */ = {isa = PBXFileReference; lastKnownFileType = file.storyboard; name = Base; path = Base.lproj/LaunchScreen.storyboard; sourceTree = "<group>"; };
		04359A7A2527432800D8DC0B /* Info.plist */ = {isa = PBXFileReference; lastKnownFileType = text.plist.xml; path = Info.plist; sourceTree = "<group>"; };
		04359A852527546C00D8DC0B /* NewEventViewController.swift */ = {isa = PBXFileReference; lastKnownFileType = sourcecode.swift; path = NewEventViewController.swift; sourceTree = "<group>"; };
		04359A882527547A00D8DC0B /* SettingsViewController.swift */ = {isa = PBXFileReference; lastKnownFileType = sourcecode.swift; path = SettingsViewController.swift; sourceTree = "<group>"; };
		04359A8B252754C600D8DC0B /* MainViewController.swift */ = {isa = PBXFileReference; lastKnownFileType = sourcecode.swift; path = MainViewController.swift; sourceTree = "<group>"; };
		045126AA252AEBE6007548F0 /* AppStoreReviewManager.swift */ = {isa = PBXFileReference; lastKnownFileType = sourcecode.swift; path = AppStoreReviewManager.swift; sourceTree = "<group>"; };
		04EBD8EB252EE17100287A28 /* ss3.png */ = {isa = PBXFileReference; lastKnownFileType = image.png; path = ss3.png; sourceTree = "<group>"; };
		04EBD8EC252EE17400287A28 /* ss2.png */ = {isa = PBXFileReference; lastKnownFileType = image.png; path = ss2.png; sourceTree = "<group>"; };
		04EBD8ED252EE17900287A28 /* ss4.png */ = {isa = PBXFileReference; lastKnownFileType = image.png; path = ss4.png; sourceTree = "<group>"; };
		04EBD8EE252EE17B00287A28 /* ss1.png */ = {isa = PBXFileReference; lastKnownFileType = image.png; path = ss1.png; sourceTree = "<group>"; };
/* End PBXFileReference section */

/* Begin PBXFrameworksBuildPhase section */
		04359A662527432400D8DC0B /* Frameworks */ = {
			isa = PBXFrameworksBuildPhase;
			buildActionMask = 2147483647;
			files = (
				0403008E2529BB6A0055ED4B /* RealmSwift in Frameworks */,
				04EAE1E0252879720074F0E3 /* IQKeyboardManagerSwift in Frameworks */,
				04EAE1E425287E5D0074F0E3 /* YPImagePicker in Frameworks */,
			);
			runOnlyForDeploymentPostprocessing = 0;
		};
/* End PBXFrameworksBuildPhase section */

/* Begin PBXGroup section */
		04359A602527432400D8DC0B = {
			isa = PBXGroup;
			children = (
				04359A6B2527432400D8DC0B /* Days Until */,
				04359A6A2527432400D8DC0B /* Products */,
			);
			sourceTree = "<group>";
		};
		04359A6A2527432400D8DC0B /* Products */ = {
			isa = PBXGroup;
			children = (
				04359A692527432400D8DC0B /* Days Until.app */,
			);
			name = Products;
			sourceTree = "<group>";
		};
		04359A6B2527432400D8DC0B /* Days Until */ = {
			isa = PBXGroup;
			children = (
				04EBD8EA252EE14D00287A28 /* Screenshots */,
				04359A8325274A2000D8DC0B /* Controllers */,
				04359A8225274A1C00D8DC0B /* View */,
				04359A8125274A1600D8DC0B /* Model */,
				04359A6C2527432500D8DC0B /* AppDelegate.swift */,
				04359A6E2527432500D8DC0B /* SceneDelegate.swift */,
				04359A722527432500D8DC0B /* Main.storyboard */,
				04359A752527432800D8DC0B /* Assets.xcassets */,
				04359A772527432800D8DC0B /* LaunchScreen.storyboard */,
				04359A7A2527432800D8DC0B /* Info.plist */,
			);
			path = "Days Until";
			sourceTree = "<group>";
		};
		04359A8125274A1600D8DC0B /* Model */ = {
			isa = PBXGroup;
			children = (
				040300902529C07D0055ED4B /* Event.swift */,
				045126AA252AEBE6007548F0 /* AppStoreReviewManager.swift */,
			);
			path = Model;
			sourceTree = "<group>";
		};
		04359A8225274A1C00D8DC0B /* View */ = {
			isa = PBXGroup;
			children = (
				040300932529D3A00055ED4B /* EventTableViewCell.swift */,
			);
			path = View;
			sourceTree = "<group>";
		};
		04359A8325274A2000D8DC0B /* Controllers */ = {
			isa = PBXGroup;
			children = (
				04359A852527546C00D8DC0B /* NewEventViewController.swift */,
				04359A882527547A00D8DC0B /* SettingsViewController.swift */,
				04359A8B252754C600D8DC0B /* MainViewController.swift */,
			);
			path = Controllers;
			sourceTree = "<group>";
		};
		04EBD8EA252EE14D00287A28 /* Screenshots */ = {
			isa = PBXGroup;
			children = (
				04EBD8EE252EE17B00287A28 /* ss1.png */,
				04EBD8EC252EE17400287A28 /* ss2.png */,
				04EBD8EB252EE17100287A28 /* ss3.png */,
				04EBD8ED252EE17900287A28 /* ss4.png */,
			);
			path = Screenshots;
			sourceTree = "<group>";
		};
/* End PBXGroup section */

/* Begin PBXNativeTarget section */
		04359A682527432400D8DC0B /* Days Until */ = {
			isa = PBXNativeTarget;
			buildConfigurationList = 04359A7D2527432800D8DC0B /* Build configuration list for PBXNativeTarget "Days Until" */;
			buildPhases = (
				04359A652527432400D8DC0B /* Sources */,
				04359A662527432400D8DC0B /* Frameworks */,
				04359A672527432400D8DC0B /* Resources */,
				040300AF2529F24F0055ED4B /* Embed App Extensions */,
			);
			buildRules = (
			);
			dependencies = (
			);
			name = "Days Until";
			packageProductDependencies = (
				04EAE1DF252879720074F0E3 /* IQKeyboardManagerSwift */,
				04EAE1E325287E5D0074F0E3 /* YPImagePicker */,
				0403008D2529BB6A0055ED4B /* RealmSwift */,
			);
			productName = "Days Until";
			productReference = 04359A692527432400D8DC0B /* Days Until.app */;
			productType = "com.apple.product-type.application";
		};
/* End PBXNativeTarget section */

/* Begin PBXProject section */
		04359A612527432400D8DC0B /* Project object */ = {
			isa = PBXProject;
			attributes = {
				LastSwiftUpdateCheck = 1200;
				LastUpgradeCheck = 1200;
				TargetAttributes = {
					04359A682527432400D8DC0B = {
						CreatedOnToolsVersion = 12.0.1;
					};
				};
			};
			buildConfigurationList = 04359A642527432400D8DC0B /* Build configuration list for PBXProject "Days Until" */;
			compatibilityVersion = "Xcode 9.3";
			developmentRegion = en;
			hasScannedForEncodings = 0;
			knownRegions = (
				en,
				Base,
			);
			mainGroup = 04359A602527432400D8DC0B;
			packageReferences = (
				04EAE1DE252879720074F0E3 /* XCRemoteSwiftPackageReference "IQKeyboardManager" */,
				04EAE1E225287E5D0074F0E3 /* XCRemoteSwiftPackageReference "YPImagePicker" */,
				0403008C2529BB6A0055ED4B /* XCRemoteSwiftPackageReference "realm-cocoa" */,
			);
			productRefGroup = 04359A6A2527432400D8DC0B /* Products */;
			projectDirPath = "";
			projectRoot = "";
			targets = (
				04359A682527432400D8DC0B /* Days Until */,
			);
		};
/* End PBXProject section */

/* Begin PBXResourcesBuildPhase section */
		04359A672527432400D8DC0B /* Resources */ = {
			isa = PBXResourcesBuildPhase;
			buildActionMask = 2147483647;
			files = (
				04EBD8F1252EE17B00287A28 /* ss4.png in Resources */,
				04359A792527432800D8DC0B /* LaunchScreen.storyboard in Resources */,
				04EBD8F2252EE17B00287A28 /* ss1.png in Resources */,
				04EBD8F0252EE17B00287A28 /* ss2.png in Resources */,
				04359A762527432800D8DC0B /* Assets.xcassets in Resources */,
				04359A742527432500D8DC0B /* Main.storyboard in Resources */,
				04EBD8EF252EE17B00287A28 /* ss3.png in Resources */,
			);
			runOnlyForDeploymentPostprocessing = 0;
		};
/* End PBXResourcesBuildPhase section */

/* Begin PBXSourcesBuildPhase section */
		04359A652527432400D8DC0B /* Sources */ = {
			isa = PBXSourcesBuildPhase;
			buildActionMask = 2147483647;
			files = (
				04359A6D2527432500D8DC0B /* AppDelegate.swift in Sources */,
				045126AB252AEBE6007548F0 /* AppStoreReviewManager.swift in Sources */,
				04359A862527546C00D8DC0B /* NewEventViewController.swift in Sources */,
				04359A892527547A00D8DC0B /* SettingsViewController.swift in Sources */,
				04359A6F2527432500D8DC0B /* SceneDelegate.swift in Sources */,
				040300942529D3A00055ED4B /* EventTableViewCell.swift in Sources */,
				040300912529C07D0055ED4B /* Event.swift in Sources */,
				04359A8C252754C600D8DC0B /* MainViewController.swift in Sources */,
			);
			runOnlyForDeploymentPostprocessing = 0;
		};
/* End PBXSourcesBuildPhase section */

/* Begin PBXVariantGroup section */
		04359A722527432500D8DC0B /* Main.storyboard */ = {
			isa = PBXVariantGroup;
			children = (
				04359A732527432500D8DC0B /* Base */,
			);
			name = Main.storyboard;
			sourceTree = "<group>";
		};
		04359A772527432800D8DC0B /* LaunchScreen.storyboard */ = {
			isa = PBXVariantGroup;
			children = (
				04359A782527432800D8DC0B /* Base */,
			);
			name = LaunchScreen.storyboard;
			sourceTree = "<group>";
		};
/* End PBXVariantGroup section */

/* Begin XCBuildConfiguration section */
		04359A7B2527432800D8DC0B /* Debug */ = {
			isa = XCBuildConfiguration;
			buildSettings = {
				ALWAYS_SEARCH_USER_PATHS = NO;
				CLANG_ANALYZER_NONNULL = YES;
				CLANG_ANALYZER_NUMBER_OBJECT_CONVERSION = YES_AGGRESSIVE;
				CLANG_CXX_LANGUAGE_STANDARD = "gnu++14";
				CLANG_CXX_LIBRARY = "libc++";
				CLANG_ENABLE_MODULES = YES;
				CLANG_ENABLE_OBJC_ARC = YES;
				CLANG_ENABLE_OBJC_WEAK = YES;
				CLANG_WARN_BLOCK_CAPTURE_AUTORELEASING = YES;
				CLANG_WARN_BOOL_CONVERSION = YES;
				CLANG_WARN_COMMA = YES;
				CLANG_WARN_CONSTANT_CONVERSION = YES;
				CLANG_WARN_DEPRECATED_OBJC_IMPLEMENTATIONS = YES;
				CLANG_WARN_DIRECT_OBJC_ISA_USAGE = YES_ERROR;
				CLANG_WARN_DOCUMENTATION_COMMENTS = YES;
				CLANG_WARN_EMPTY_BODY = YES;
				CLANG_WARN_ENUM_CONVERSION = YES;
				CLANG_WARN_INFINITE_RECURSION = YES;
				CLANG_WARN_INT_CONVERSION = YES;
				CLANG_WARN_NON_LITERAL_NULL_CONVERSION = YES;
				CLANG_WARN_OBJC_IMPLICIT_RETAIN_SELF = YES;
				CLANG_WARN_OBJC_LITERAL_CONVERSION = YES;
				CLANG_WARN_OBJC_ROOT_CLASS = YES_ERROR;
				CLANG_WARN_QUOTED_INCLUDE_IN_FRAMEWORK_HEADER = YES;
				CLANG_WARN_RANGE_LOOP_ANALYSIS = YES;
				CLANG_WARN_STRICT_PROTOTYPES = YES;
				CLANG_WARN_SUSPICIOUS_MOVE = YES;
				CLANG_WARN_UNGUARDED_AVAILABILITY = YES_AGGRESSIVE;
				CLANG_WARN_UNREACHABLE_CODE = YES;
				CLANG_WARN__DUPLICATE_METHOD_MATCH = YES;
				COPY_PHASE_STRIP = NO;
				DEBUG_INFORMATION_FORMAT = dwarf;
				ENABLE_STRICT_OBJC_MSGSEND = YES;
				ENABLE_TESTABILITY = YES;
				GCC_C_LANGUAGE_STANDARD = gnu11;
				GCC_DYNAMIC_NO_PIC = NO;
				GCC_NO_COMMON_BLOCKS = YES;
				GCC_OPTIMIZATION_LEVEL = 0;
				GCC_PREPROCESSOR_DEFINITIONS = (
					"DEBUG=1",
					"$(inherited)",
				);
				GCC_WARN_64_TO_32_BIT_CONVERSION = YES;
				GCC_WARN_ABOUT_RETURN_TYPE = YES_ERROR;
				GCC_WARN_UNDECLARED_SELECTOR = YES;
				GCC_WARN_UNINITIALIZED_AUTOS = YES_AGGRESSIVE;
				GCC_WARN_UNUSED_FUNCTION = YES;
				GCC_WARN_UNUSED_VARIABLE = YES;
				IPHONEOS_DEPLOYMENT_TARGET = 14.0;
				MTL_ENABLE_DEBUG_INFO = INCLUDE_SOURCE;
				MTL_FAST_MATH = YES;
				ONLY_ACTIVE_ARCH = YES;
				SDKROOT = iphoneos;
				SWIFT_ACTIVE_COMPILATION_CONDITIONS = DEBUG;
				SWIFT_OPTIMIZATION_LEVEL = "-Onone";
			};
			name = Debug;
		};
		04359A7C2527432800D8DC0B /* Release */ = {
			isa = XCBuildConfiguration;
			buildSettings = {
				ALWAYS_SEARCH_USER_PATHS = NO;
				CLANG_ANALYZER_NONNULL = YES;
				CLANG_ANALYZER_NUMBER_OBJECT_CONVERSION = YES_AGGRESSIVE;
				CLANG_CXX_LANGUAGE_STANDARD = "gnu++14";
				CLANG_CXX_LIBRARY = "libc++";
				CLANG_ENABLE_MODULES = YES;
				CLANG_ENABLE_OBJC_ARC = YES;
				CLANG_ENABLE_OBJC_WEAK = YES;
				CLANG_WARN_BLOCK_CAPTURE_AUTORELEASING = YES;
				CLANG_WARN_BOOL_CONVERSION = YES;
				CLANG_WARN_COMMA = YES;
				CLANG_WARN_CONSTANT_CONVERSION = YES;
				CLANG_WARN_DEPRECATED_OBJC_IMPLEMENTATIONS = YES;
				CLANG_WARN_DIRECT_OBJC_ISA_USAGE = YES_ERROR;
				CLANG_WARN_DOCUMENTATION_COMMENTS = YES;
				CLANG_WARN_EMPTY_BODY = YES;
				CLANG_WARN_ENUM_CONVERSION = YES;
				CLANG_WARN_INFINITE_RECURSION = YES;
				CLANG_WARN_INT_CONVERSION = YES;
				CLANG_WARN_NON_LITERAL_NULL_CONVERSION = YES;
				CLANG_WARN_OBJC_IMPLICIT_RETAIN_SELF = YES;
				CLANG_WARN_OBJC_LITERAL_CONVERSION = YES;
				CLANG_WARN_OBJC_ROOT_CLASS = YES_ERROR;
				CLANG_WARN_QUOTED_INCLUDE_IN_FRAMEWORK_HEADER = YES;
				CLANG_WARN_RANGE_LOOP_ANALYSIS = YES;
				CLANG_WARN_STRICT_PROTOTYPES = YES;
				CLANG_WARN_SUSPICIOUS_MOVE = YES;
				CLANG_WARN_UNGUARDED_AVAILABILITY = YES_AGGRESSIVE;
				CLANG_WARN_UNREACHABLE_CODE = YES;
				CLANG_WARN__DUPLICATE_METHOD_MATCH = YES;
				COPY_PHASE_STRIP = NO;
				DEBUG_INFORMATION_FORMAT = "dwarf-with-dsym";
				ENABLE_NS_ASSERTIONS = NO;
				ENABLE_STRICT_OBJC_MSGSEND = YES;
				GCC_C_LANGUAGE_STANDARD = gnu11;
				GCC_NO_COMMON_BLOCKS = YES;
				GCC_WARN_64_TO_32_BIT_CONVERSION = YES;
				GCC_WARN_ABOUT_RETURN_TYPE = YES_ERROR;
				GCC_WARN_UNDECLARED_SELECTOR = YES;
				GCC_WARN_UNINITIALIZED_AUTOS = YES_AGGRESSIVE;
				GCC_WARN_UNUSED_FUNCTION = YES;
				GCC_WARN_UNUSED_VARIABLE = YES;
				IPHONEOS_DEPLOYMENT_TARGET = 14.0;
				MTL_ENABLE_DEBUG_INFO = NO;
				MTL_FAST_MATH = YES;
				SDKROOT = iphoneos;
				SWIFT_COMPILATION_MODE = wholemodule;
				SWIFT_OPTIMIZATION_LEVEL = "-O";
				VALIDATE_PRODUCT = YES;
			};
			name = Release;
		};
		04359A7E2527432800D8DC0B /* Debug */ = {
			isa = XCBuildConfiguration;
			buildSettings = {
				ASSETCATALOG_COMPILER_APPICON_NAME = "AppIcon-1";
				ASSETCATALOG_COMPILER_GLOBAL_ACCENT_COLOR_NAME = AccentColor;
				CODE_SIGN_STYLE = Automatic;
				CURRENT_PROJECT_VERSION = 1;
				DEVELOPMENT_TEAM = JWJKJG57EN;
				INFOPLIST_FILE = "Days Until/Info.plist";
				LD_RUNPATH_SEARCH_PATHS = (
					"$(inherited)",
					"@executable_path/Frameworks",
				);
				MARKETING_VERSION = 1.01;
				PRODUCT_BUNDLE_IDENTIFIER = "com.chauhan-swapnil.Days-Until";
				PRODUCT_NAME = "$(TARGET_NAME)";
				SWIFT_VERSION = 5.0;
				TARGETED_DEVICE_FAMILY = 1;
			};
			name = Debug;
		};
		04359A7F2527432800D8DC0B /* Release */ = {
			isa = XCBuildConfiguration;
			buildSettings = {
				ASSETCATALOG_COMPILER_APPICON_NAME = "AppIcon-1";
				ASSETCATALOG_COMPILER_GLOBAL_ACCENT_COLOR_NAME = AccentColor;
				CODE_SIGN_STYLE = Automatic;
				CURRENT_PROJECT_VERSION = 1;
				DEVELOPMENT_TEAM = JWJKJG57EN;
				INFOPLIST_FILE = "Days Until/Info.plist";
				LD_RUNPATH_SEARCH_PATHS = (
					"$(inherited)",
					"@executable_path/Frameworks",
				);
				MARKETING_VERSION = 1.01;
				PRODUCT_BUNDLE_IDENTIFIER = "com.chauhan-swapnil.Days-Until";
				PRODUCT_NAME = "$(TARGET_NAME)";
				SWIFT_VERSION = 5.0;
				TARGETED_DEVICE_FAMILY = 1;
			};
			name = Release;
		};
/* End XCBuildConfiguration section */

/* Begin XCConfigurationList section */
		04359A642527432400D8DC0B /* Build configuration list for PBXProject "Days Until" */ = {
			isa = XCConfigurationList;
			buildConfigurations = (
				04359A7B2527432800D8DC0B /* Debug */,
				04359A7C2527432800D8DC0B /* Release */,
			);
			defaultConfigurationIsVisible = 0;
			defaultConfigurationName = Release;
		};
		04359A7D2527432800D8DC0B /* Build configuration list for PBXNativeTarget "Days Until" */ = {
			isa = XCConfigurationList;
			buildConfigurations = (
				04359A7E2527432800D8DC0B /* Debug */,
				04359A7F2527432800D8DC0B /* Release */,
			);
			defaultConfigurationIsVisible = 0;
			defaultConfigurationName = Release;
		};
/* End XCConfigurationList section */

/* Begin XCRemoteSwiftPackageReference section */
		0403008C2529BB6A0055ED4B /* XCRemoteSwiftPackageReference "realm-cocoa" */ = {
			isa = XCRemoteSwiftPackageReference;
			repositoryURL = "https://github.com/realm/realm-cocoa";
			requirement = {
				kind = upToNextMajorVersion;
				minimumVersion = 5.4.7;
			};
		};
		04EAE1DE252879720074F0E3 /* XCRemoteSwiftPackageReference "IQKeyboardManager" */ = {
			isa = XCRemoteSwiftPackageReference;
			repositoryURL = "https://github.com/hackiftekhar/IQKeyboardManager.git";
			requirement = {
				kind = upToNextMajorVersion;
				minimumVersion = 6.5.6;
			};
		};
		04EAE1E225287E5D0074F0E3 /* XCRemoteSwiftPackageReference "YPImagePicker" */ = {
			isa = XCRemoteSwiftPackageReference;
			repositoryURL = "https://github.com/Yummypets/YPImagePicker";
			requirement = {
				branch = spm;
				kind = branch;
			};
		};
/* End XCRemoteSwiftPackageReference section */

/* Begin XCSwiftPackageProductDependency section */
		0403008D2529BB6A0055ED4B /* RealmSwift */ = {
			isa = XCSwiftPackageProductDependency;
			package = 0403008C2529BB6A0055ED4B /* XCRemoteSwiftPackageReference "realm-cocoa" */;
			productName = RealmSwift;
		};
		04EAE1DF252879720074F0E3 /* IQKeyboardManagerSwift */ = {
			isa = XCSwiftPackageProductDependency;
			package = 04EAE1DE252879720074F0E3 /* XCRemoteSwiftPackageReference "IQKeyboardManager" */;
			productName = IQKeyboardManagerSwift;
		};
		04EAE1E325287E5D0074F0E3 /* YPImagePicker */ = {
			isa = XCSwiftPackageProductDependency;
			package = 04EAE1E225287E5D0074F0E3 /* XCRemoteSwiftPackageReference "YPImagePicker" */;
			productName = YPImagePicker;
		};
/* End XCSwiftPackageProductDependency section */
	};
	rootObject = 04359A612527432400D8DC0B /* Project object */;
}
